github.com/stealthrocket/wazergo v0.15.1-0.20230502070216-7c25fddb26d8 h1:yf/BGaIFk93INEcg1Z3hD+viYr0owwgICc0zqfE28KM=
github.com/stealthrocket/wazergo v0.15.1-0.20230502070216-7c25fddb26d8/go.mod h1:riI0hxw4ndZA5e6z7PesHg2BtTftcZaMxRcoiGGipTs=
github.com/tetratelabs/wazero v1.1.0 h1:EByoAhC+QcYpwSZJSs/aV0uokxPwBgKxfiokSUwAknQ=
github.com/tetratelabs/wazero v1.1.0/go.mod h1:wYx2gNRg8/WihJfSDxA1TIL8H+GkfLYm+bIfbblu9VQ=
golang.org/x/sys v0.7.0 h1:3jlCCIQZPdOYu1h8BkNvLz8Kgwtae2cagcG/VamtZRU=
golang.org/x/sys v0.7.0/go.mod h1:oPkhp1MJrh7nUepCBck5+mAzfO9JrbApNNgaTdGDITg=
