github.com/stealthrocket/wazergo v0.17.1 h1:lXx4/Lg1A+9ATZWYI0J2E4oWfihhOLxWfnAT2Wy8iKQ=
github.com/stealthrocket/wazergo v0.17.1/go.mod h1:riI0hxw4ndZA5e6z7PesHg2BtTftcZaMxRcoiGGipTs=
github.com/tetratelabs/wazero v1.1.0 h1:EByoAhC+QcYpwSZJSs/aV0uokxPwBgKxfiokSUwAknQ=
github.com/tetratelabs/wazero v1.1.0/go.mod h1:wYx2gNRg8/WihJfSDxA1TIL8H+GkfLYm+bIfbblu9VQ=
golang.org/x/sys v0.7.0 h1:3jlCCIQZPdOYu1h8BkNvLz8Kgwtae2cagcG/VamtZRU=
golang.org/x/sys v0.7.0/go.mod h1:oPkhp1MJrh7nUepCBck5+mAzfO9JrbApNNgaTdGDITg=
